
Microsoft Visual Studio Solution File, Format Version 12.00
# Visual Studio Version 16
VisualStudioVersion = 16.0.28803.452
MinimumVisualStudioVersion = 10.0.40219.1
Project("{8BC9CEB8-8B4A-11D0-8D11-00A0C91BC942}") = "HatoMask", "HatoMask\HatoMask.vcxproj", "{BA2B97D7-2F1C-4861-8D99-6D413410165C}"
EndProject
Global
	GlobalSection(SolutionConfigurationPlatforms) = preSolution
		Debug|x64 = Debug|x64
		Debug|x86 = Debug|x86
		Release|x64 = Release|x64
		Release|x86 = Release|x86
	EndGlobalSection
	GlobalSection(ProjectConfigurationPlatforms) = postSolution
		{BA2B97D7-2F1C-4861-8D99-6D413410165C}.Debug|x64.ActiveCfg = Debug|x64
		{BA2B97D7-2F1C-4861-8D99-6D413410165C}.Debug|x64.Build.0 = Debug|x64
		{BA2B97D7-2F1C-4861-8D99-6D413410165C}.Debug|x86.ActiveCfg = Debug|Win32
		{BA2B97D7-2F1C-4861-8D99-6D413410165C}.Debug|x86.Build.0 = Debug|Win32
		{BA2B97D7-2F1C-4861-8D99-6D413410165C}.Release|x64.ActiveCfg = Release|x64
		{BA2B97D7-2F1C-4861-8D99-6D413410165C}.Release|x64.Build.0 = Release|x64
		{BA2B97D7-2F1C-4861-8D99-6D413410165C}.Release|x86.ActiveCfg = Release|Win32
		{BA2B97D7-2F1C-4861-8D99-6D413410165C}.Release|x86.Build.0 = Release|Win32
	EndGlobalSection
	GlobalSection(SolutionProperties) = preSolution
		HideSolutionNode = FALSE
	EndGlobalSection
	GlobalSection(ExtensibilityGlobals) = postSolution
		SolutionGuid = {E15A1067-820B-4EEA-BB5E-1EDC1D26FF72}
	EndGlobalSection
EndGlobal
